
Microsoft Visual Studio Solution File, Format Version 12.00
# Visual Studio 15
VisualStudioVersion = 15.0.28307.271
MinimumVisualStudioVersion = 10.0.40219.1
Project("{FAE04EC0-301F-11D3-BF4B-00C04F79EFBC}") = "Project 2", "Project 2.csproj", "{A96811F4-13C6-4110-B820-CE72BC976DA7}"
EndProject
Global
	GlobalSection(SolutionConfigurationPlatforms) = preSolution
		Debug|Any CPU = Debug|Any CPU
		Release|Any CPU = Release|Any CPU
	EndGlobalSection
	GlobalSection(ProjectConfigurationPlatforms) = postSolution
		{A96811F4-13C6-4110-B820-CE72BC976DA7}.Debug|Any CPU.ActiveCfg = Debug|Any CPU
		{A96811F4-13C6-4110-B820-CE72BC976DA7}.Debug|Any CPU.Build.0 = Debug|Any CPU
		{A96811F4-13C6-4110-B820-CE72BC976DA7}.Release|Any CPU.ActiveCfg = Release|Any CPU
		{A96811F4-13C6-4110-B820-CE72BC976DA7}.Release|Any CPU.Build.0 = Release|Any CPU
	EndGlobalSection
	GlobalSection(SolutionProperties) = preSolution
		HideSolutionNode = FALSE
	EndGlobalSection
	GlobalSection(ExtensibilityGlobals) = postSolution
		SolutionGuid = {10187BC0-257B-413F-BAB1-C86ADB7577E3}
	EndGlobalSection
EndGlobal
